{
  "nodes": {
    "nixpkgs": {
      "locked": {
        "lastModified": 1668365348,
        "narHash": "sha256-TPiiTbb3u3y2q0EzmQTfZ+YThmmR8rckJt32UPTprWc=",
        "owner": "NixOS",
        "repo": "nixpkgs",
        "rev": "d85d8b7eef991118c970451ad5ac91358fb51517",
        "type": "github"
      },
      "original": {
        "owner": "NixOS",
        "repo": "nixpkgs",
        "type": "github"
      }
    },
    "root": {
      "inputs": {
        "nixpkgs": "nixpkgs"
      }
    }
  },
  "root": "root",
  "version": 7
}
